// !$*UTF8*$!
{
	archiveVersion = 1;
	classes = {
	};
	objectVersion = 50;
	objects = {

/* Begin PBXBuildFile section */
		5105D0052521CB87004C360C /* AppDelegate.swift in Sources */ = {isa = PBXBuildFile; fileRef = 5105D0042521CB87004C360C /* AppDelegate.swift */; };
		5105D0072521CB87004C360C /* ContentView.swift in Sources */ = {isa = PBXBuildFile; fileRef = 5105D0062521CB87004C360C /* ContentView.swift */; };
		5105D0092521CB89004C360C /* Assets.xcassets in Resources */ = {isa = PBXBuildFile; fileRef = 5105D0082521CB89004C360C /* Assets.xcassets */; };
		5105D00C2521CB89004C360C /* Preview Assets.xcassets in Resources */ = {isa = PBXBuildFile; fileRef = 5105D00B2521CB89004C360C /* Preview Assets.xcassets */; };
		5105D00F2521CB89004C360C /* Main.storyboard in Resources */ = {isa = PBXBuildFile; fileRef = 5105D00D2521CB89004C360C /* Main.storyboard */; };
		5105D0192521D280004C360C /* Grid.swift in Sources */ = {isa = PBXBuildFile; fileRef = 5105D0182521D280004C360C /* Grid.swift */; };
		5105D01C2521D294004C360C /* Square.swift in Sources */ = {isa = PBXBuildFile; fileRef = 5105D01B2521D294004C360C /* Square.swift */; };
/* End PBXBuildFile section */

/* Begin PBXFileReference section */
		5105D0012521CB87004C360C /* FloodFillExample.app */ = {isa = PBXFileReference; explicitFileType = wrapper.application; includeInIndex = 0; path = FloodFillExample.app; sourceTree = BUILT_PRODUCTS_DIR; };
		5105D0042521CB87004C360C /* AppDelegate.swift */ = {isa = PBXFileReference; lastKnownFileType = sourcecode.swift; path = AppDelegate.swift; sourceTree = "<group>"; };
		5105D0062521CB87004C360C /* ContentView.swift */ = {isa = PBXFileReference; lastKnownFileType = sourcecode.swift; path = ContentView.swift; sourceTree = "<group>"; };
		5105D0082521CB89004C360C /* Assets.xcassets */ = {isa = PBXFileReference; lastKnownFileType = folder.assetcatalog; path = Assets.xcassets; sourceTree = "<group>"; };
		5105D00B2521CB89004C360C /* Preview Assets.xcassets */ = {isa = PBXFileReference; lastKnownFileType = folder.assetcatalog; path = "Preview Assets.xcassets"; sourceTree = "<group>"; };
		5105D00E2521CB89004C360C /* Base */ = {isa = PBXFileReference; lastKnownFileType = file.storyboard; name = Base; path = Base.lproj/Main.storyboard; sourceTree = "<group>"; };
		5105D0102521CB89004C360C /* Info.plist */ = {isa = PBXFileReference; lastKnownFileType = text.plist.xml; path = Info.plist; sourceTree = "<group>"; };
		5105D0112521CB89004C360C /* FloodFillExample.entitlements */ = {isa = PBXFileReference; lastKnownFileType = text.plist.entitlements; path = FloodFillExample.entitlements; sourceTree = "<group>"; };
		5105D0182521D280004C360C /* Grid.swift */ = {isa = PBXFileReference; lastKnownFileType = sourcecode.swift; path = Grid.swift; sourceTree = "<group>"; };
		5105D01B2521D294004C360C /* Square.swift */ = {isa = PBXFileReference; lastKnownFileType = sourcecode.swift; path = Square.swift; sourceTree = "<group>"; };
/* End PBXFileReference section */

/* Begin PBXFrameworksBuildPhase section */
		5105CFFE2521CB87004C360C /* Frameworks */ = {
			isa = PBXFrameworksBuildPhase;
			buildActionMask = 2147483647;
			files = (
			);
			runOnlyForDeploymentPostprocessing = 0;
		};
/* End PBXFrameworksBuildPhase section */

/* Begin PBXGroup section */
		5105CFF82521CB87004C360C = {
			isa = PBXGroup;
			children = (
				5105D0032521CB87004C360C /* FloodFillExample */,
				5105D0022521CB87004C360C /* Products */,
			);
			sourceTree = "<group>";
		};
		5105D0022521CB87004C360C /* Products */ = {
			isa = PBXGroup;
			children = (
				5105D0012521CB87004C360C /* FloodFillExample.app */,
			);
			name = Products;
			sourceTree = "<group>";
		};
		5105D0032521CB87004C360C /* FloodFillExample */ = {
			isa = PBXGroup;
			children = (
				5105D0042521CB87004C360C /* AppDelegate.swift */,
				5105D0062521CB87004C360C /* ContentView.swift */,
				5105D01B2521D294004C360C /* Square.swift */,
				5105D0182521D280004C360C /* Grid.swift */,
				5105D0082521CB89004C360C /* Assets.xcassets */,
				5105D00D2521CB89004C360C /* Main.storyboard */,
				5105D0102521CB89004C360C /* Info.plist */,
				5105D0112521CB89004C360C /* FloodFillExample.entitlements */,
				5105D00A2521CB89004C360C /* Preview Content */,
			);
			path = FloodFillExample;
			sourceTree = "<group>";
		};
		5105D00A2521CB89004C360C /* Preview Content */ = {
			isa = PBXGroup;
			children = (
				5105D00B2521CB89004C360C /* Preview Assets.xcassets */,
			);
			path = "Preview Content";
			sourceTree = "<group>";
		};
/* End PBXGroup section */

/* Begin PBXNativeTarget section */
		5105D0002521CB87004C360C /* FloodFillExample */ = {
			isa = PBXNativeTarget;
			buildConfigurationList = 5105D0142521CB89004C360C /* Build configuration list for PBXNativeTarget "FloodFillExample" */;
			buildPhases = (
				5105CFFD2521CB87004C360C /* Sources */,
				5105CFFE2521CB87004C360C /* Frameworks */,
				5105CFFF2521CB87004C360C /* Resources */,
			);
			buildRules = (
			);
			dependencies = (
			);
			name = FloodFillExample;
			productName = FloodFillExample;
			productReference = 5105D0012521CB87004C360C /* FloodFillExample.app */;
			productType = "com.apple.product-type.application";
		};
/* End PBXNativeTarget section */

/* Begin PBXProject section */
		5105CFF92521CB87004C360C /* Project object */ = {
			isa = PBXProject;
			attributes = {
				LastSwiftUpdateCheck = 1200;
				LastUpgradeCheck = 1200;
				TargetAttributes = {
					5105D0002521CB87004C360C = {
						CreatedOnToolsVersion = 12.0;
					};
				};
			};
			buildConfigurationList = 5105CFFC2521CB87004C360C /* Build configuration list for PBXProject "FloodFillExample" */;
			compatibilityVersion = "Xcode 9.3";
			developmentRegion = en;
			hasScannedForEncodings = 0;
			knownRegions = (
				en,
				Base,
			);
			mainGroup = 5105CFF82521CB87004C360C;
			productRefGroup = 5105D0022521CB87004C360C /* Products */;
			projectDirPath = "";
			projectRoot = "";
			targets = (
				5105D0002521CB87004C360C /* FloodFillExample */,
			);
		};
/* End PBXProject section */

/* Begin PBXResourcesBuildPhase section */
		5105CFFF2521CB87004C360C /* Resources */ = {
			isa = PBXResourcesBuildPhase;
			buildActionMask = 2147483647;
			files = (
				5105D00F2521CB89004C360C /* Main.storyboard in Resources */,
				5105D00C2521CB89004C360C /* Preview Assets.xcassets in Resources */,
				5105D0092521CB89004C360C /* Assets.xcassets in Resources */,
			);
			runOnlyForDeploymentPostprocessing = 0;
		};
/* End PBXResourcesBuildPhase section */

/* Begin PBXSourcesBuildPhase section */
		5105CFFD2521CB87004C360C /* Sources */ = {
			isa = PBXSourcesBuildPhase;
			buildActionMask = 2147483647;
			files = (
				5105D01C2521D294004C360C /* Square.swift in Sources */,
				5105D0072521CB87004C360C /* ContentView.swift in Sources */,
				5105D0052521CB87004C360C /* AppDelegate.swift in Sources */,
				5105D0192521D280004C360C /* Grid.swift in Sources */,
			);
			runOnlyForDeploymentPostprocessing = 0;
		};
/* End PBXSourcesBuildPhase section */

/* Begin PBXVariantGroup section */
		5105D00D2521CB89004C360C /* Main.storyboard */ = {
			isa = PBXVariantGroup;
			children = (
				5105D00E2521CB89004C360C /* Base */,
			);
			name = Main.storyboard;
			sourceTree = "<group>";
		};
/* End PBXVariantGroup section */

/* Begin XCBuildConfiguration section */
		5105D0122521CB89004C360C /* Debug */ = {
			isa = XCBuildConfiguration;
			buildSettings = {
				ALWAYS_SEARCH_USER_PATHS = NO;
				CLANG_ANALYZER_NONNULL = YES;
				CLANG_ANALYZER_NUMBER_OBJECT_CONVERSION = YES_AGGRESSIVE;
				CLANG_CXX_LANGUAGE_STANDARD = "gnu++14";
				CLANG_CXX_LIBRARY = "libc++";
				CLANG_ENABLE_MODULES = YES;
				CLANG_ENABLE_OBJC_ARC = YES;
				CLANG_ENABLE_OBJC_WEAK = YES;
				CLANG_WARN_BLOCK_CAPTURE_AUTORELEASING = YES;
				CLANG_WARN_BOOL_CONVERSION = YES;
				CLANG_WARN_COMMA = YES;
				CLANG_WARN_CONSTANT_CONVERSION = YES;
				CLANG_WARN_DEPRECATED_OBJC_IMPLEMENTATIONS = YES;
				CLANG_WARN_DIRECT_OBJC_ISA_USAGE = YES_ERROR;
				CLANG_WARN_DOCUMENTATION_COMMENTS = YES;
				CLANG_WARN_EMPTY_BODY = YES;
				CLANG_WARN_ENUM_CONVERSION = YES;
				CLANG_WARN_INFINITE_RECURSION = YES;
				CLANG_WARN_INT_CONVERSION = YES;
				CLANG_WARN_NON_LITERAL_NULL_CONVERSION = YES;
				CLANG_WARN_OBJC_IMPLICIT_RETAIN_SELF = YES;
				CLANG_WARN_OBJC_LITERAL_CONVERSION = YES;
				CLANG_WARN_OBJC_ROOT_CLASS = YES_ERROR;
				CLANG_WARN_QUOTED_INCLUDE_IN_FRAMEWORK_HEADER = YES;
				CLANG_WARN_RANGE_LOOP_ANALYSIS = YES;
				CLANG_WARN_STRICT_PROTOTYPES = YES;
				CLANG_WARN_SUSPICIOUS_MOVE = YES;
				CLANG_WARN_UNGUARDED_AVAILABILITY = YES_AGGRESSIVE;
				CLANG_WARN_UNREACHABLE_CODE = YES;
				CLANG_WARN__DUPLICATE_METHOD_MATCH = YES;
				COPY_PHASE_STRIP = NO;
				DEBUG_INFORMATION_FORMAT = dwarf;
				ENABLE_STRICT_OBJC_MSGSEND = YES;
				ENABLE_TESTABILITY = YES;
				GCC_C_LANGUAGE_STANDARD = gnu11;
				GCC_DYNAMIC_NO_PIC = NO;
				GCC_NO_COMMON_BLOCKS = YES;
				GCC_OPTIMIZATION_LEVEL = 0;
				GCC_PREPROCESSOR_DEFINITIONS = (
					"DEBUG=1",
					"$(inherited)",
				);
				GCC_WARN_64_TO_32_BIT_CONVERSION = YES;
				GCC_WARN_ABOUT_RETURN_TYPE = YES_ERROR;
				GCC_WARN_UNDECLARED_SELECTOR = YES;
				GCC_WARN_UNINITIALIZED_AUTOS = YES_AGGRESSIVE;
				GCC_WARN_UNUSED_FUNCTION = YES;
				GCC_WARN_UNUSED_VARIABLE = YES;
				MACOSX_DEPLOYMENT_TARGET = 10.15;
				MTL_ENABLE_DEBUG_INFO = INCLUDE_SOURCE;
				MTL_FAST_MATH = YES;
				ONLY_ACTIVE_ARCH = YES;
				SDKROOT = macosx;
				SWIFT_ACTIVE_COMPILATION_CONDITIONS = DEBUG;
				SWIFT_OPTIMIZATION_LEVEL = "-Onone";
			};
			name = Debug;
		};
		5105D0132521CB89004C360C /* Release */ = {
			isa = XCBuildConfiguration;
			buildSettings = {
				ALWAYS_SEARCH_USER_PATHS = NO;
				CLANG_ANALYZER_NONNULL = YES;
				CLANG_ANALYZER_NUMBER_OBJECT_CONVERSION = YES_AGGRESSIVE;
				CLANG_CXX_LANGUAGE_STANDARD = "gnu++14";
				CLANG_CXX_LIBRARY = "libc++";
				CLANG_ENABLE_MODULES = YES;
				CLANG_ENABLE_OBJC_ARC = YES;
				CLANG_ENABLE_OBJC_WEAK = YES;
				CLANG_WARN_BLOCK_CAPTURE_AUTORELEASING = YES;
				CLANG_WARN_BOOL_CONVERSION = YES;
				CLANG_WARN_COMMA = YES;
				CLANG_WARN_CONSTANT_CONVERSION = YES;
				CLANG_WARN_DEPRECATED_OBJC_IMPLEMENTATIONS = YES;
				CLANG_WARN_DIRECT_OBJC_ISA_USAGE = YES_ERROR;
				CLANG_WARN_DOCUMENTATION_COMMENTS = YES;
				CLANG_WARN_EMPTY_BODY = YES;
				CLANG_WARN_ENUM_CONVERSION = YES;
				CLANG_WARN_INFINITE_RECURSION = YES;
				CLANG_WARN_INT_CONVERSION = YES;
				CLANG_WARN_NON_LITERAL_NULL_CONVERSION = YES;
				CLANG_WARN_OBJC_IMPLICIT_RETAIN_SELF = YES;
				CLANG_WARN_OBJC_LITERAL_CONVERSION = YES;
				CLANG_WARN_OBJC_ROOT_CLASS = YES_ERROR;
				CLANG_WARN_QUOTED_INCLUDE_IN_FRAMEWORK_HEADER = YES;
				CLANG_WARN_RANGE_LOOP_ANALYSIS = YES;
				CLANG_WARN_STRICT_PROTOTYPES = YES;
				CLANG_WARN_SUSPICIOUS_MOVE = YES;
				CLANG_WARN_UNGUARDED_AVAILABILITY = YES_AGGRESSIVE;
				CLANG_WARN_UNREACHABLE_CODE = YES;
				CLANG_WARN__DUPLICATE_METHOD_MATCH = YES;
				COPY_PHASE_STRIP = NO;
				DEBUG_INFORMATION_FORMAT = "dwarf-with-dsym";
				ENABLE_NS_ASSERTIONS = NO;
				ENABLE_STRICT_OBJC_MSGSEND = YES;
				GCC_C_LANGUAGE_STANDARD = gnu11;
				GCC_NO_COMMON_BLOCKS = YES;
				GCC_WARN_64_TO_32_BIT_CONVERSION = YES;
				GCC_WARN_ABOUT_RETURN_TYPE = YES_ERROR;
				GCC_WARN_UNDECLARED_SELECTOR = YES;
				GCC_WARN_UNINITIALIZED_AUTOS = YES_AGGRESSIVE;
				GCC_WARN_UNUSED_FUNCTION = YES;
				GCC_WARN_UNUSED_VARIABLE = YES;
				MACOSX_DEPLOYMENT_TARGET = 10.15;
				MTL_ENABLE_DEBUG_INFO = NO;
				MTL_FAST_MATH = YES;
				SDKROOT = macosx;
				SWIFT_COMPILATION_MODE = wholemodule;
				SWIFT_OPTIMIZATION_LEVEL = "-O";
			};
			name = Release;
		};
		5105D0152521CB89004C360C /* Debug */ = {
			isa = XCBuildConfiguration;
			buildSettings = {
				ASSETCATALOG_COMPILER_APPICON_NAME = AppIcon;
				ASSETCATALOG_COMPILER_GLOBAL_ACCENT_COLOR_NAME = AccentColor;
				CODE_SIGN_ENTITLEMENTS = FloodFillExample/FloodFillExample.entitlements;
				CODE_SIGN_STYLE = Automatic;
				COMBINE_HIDPI_IMAGES = YES;
				DEVELOPMENT_ASSET_PATHS = "\"FloodFillExample/Preview Content\"";
				DEVELOPMENT_TEAM = LV848WVVU5;
				ENABLE_HARDENED_RUNTIME = YES;
				ENABLE_PREVIEWS = YES;
				INFOPLIST_FILE = FloodFillExample/Info.plist;
				LD_RUNPATH_SEARCH_PATHS = (
					"$(inherited)",
					"@executable_path/../Frameworks",
				);
				MACOSX_DEPLOYMENT_TARGET = 10.15;
				PRODUCT_BUNDLE_IDENTIFIER = com.hackingwithswift.FloodFillExample;
				PRODUCT_NAME = "$(TARGET_NAME)";
				SWIFT_VERSION = 5.0;
			};
			name = Debug;
		};
		5105D0162521CB89004C360C /* Release */ = {
			isa = XCBuildConfiguration;
			buildSettings = {
				ASSETCATALOG_COMPILER_APPICON_NAME = AppIcon;
				ASSETCATALOG_COMPILER_GLOBAL_ACCENT_COLOR_NAME = AccentColor;
				CODE_SIGN_ENTITLEMENTS = FloodFillExample/FloodFillExample.entitlements;
				CODE_SIGN_STYLE = Automatic;
				COMBINE_HIDPI_IMAGES = YES;
				DEVELOPMENT_ASSET_PATHS = "\"FloodFillExample/Preview Content\"";
				DEVELOPMENT_TEAM = LV848WVVU5;
				ENABLE_HARDENED_RUNTIME = YES;
				ENABLE_PREVIEWS = YES;
				INFOPLIST_FILE = FloodFillExample/Info.plist;
				LD_RUNPATH_SEARCH_PATHS = (
					"$(inherited)",
					"@executable_path/../Frameworks",
				);
				MACOSX_DEPLOYMENT_TARGET = 10.15;
				PRODUCT_BUNDLE_IDENTIFIER = com.hackingwithswift.FloodFillExample;
				PRODUCT_NAME = "$(TARGET_NAME)";
				SWIFT_VERSION = 5.0;
			};
			name = Release;
		};
/* End XCBuildConfiguration section */

/* Begin XCConfigurationList section */
		5105CFFC2521CB87004C360C /* Build configuration list for PBXProject "FloodFillExample" */ = {
			isa = XCConfigurationList;
			buildConfigurations = (
				5105D0122521CB89004C360C /* Debug */,
				5105D0132521CB89004C360C /* Release */,
			);
			defaultConfigurationIsVisible = 0;
			defaultConfigurationName = Release;
		};
		5105D0142521CB89004C360C /* Build configuration list for PBXNativeTarget "FloodFillExample" */ = {
			isa = XCConfigurationList;
			buildConfigurations = (
				5105D0152521CB89004C360C /* Debug */,
				5105D0162521CB89004C360C /* Release */,
			);
			defaultConfigurationIsVisible = 0;
			defaultConfigurationName = Release;
		};
/* End XCConfigurationList section */
	};
	rootObject = 5105CFF92521CB87004C360C /* Project object */;
}
